# This file is autogenerated, do not edit; changes may be undone by the next 'dep ensure'.


[[projects]]
  branch = "master"
  name = "github.com/dchest/uniuri"
  packages = ["."]
  revision = "8902c56451e9b58ff940bbe5fec35d5f9c04584a"

[[projects]]
  branch = "master"
  name = "github.com/dimonomid/interrors"
  packages = ["."]
  revision = "cdd8c7951d2d4892f42473bef023dc6738e99be9"

[[projects]]
  branch = "master"
  name = "github.com/elazarl/go-bindata-assetfs"
  packages = ["."]
  revision = "9a6736ed45b44bf3835afeebb3034b57ed329f3e"

[[projects]]
  branch = "master"
  name = "github.com/golang/glog"
  packages = ["."]
  revision = "23def4e6c14b4da8ac2ed8007337bc5eb5007998"

[[projects]]
  name = "github.com/golang/protobuf"
  packages = ["proto"]
  revision = "925541529c1fa6821df4e44ce2723319eb2be768"
  version = "v1.0.0"

[[projects]]
  branch = "master"
  name = "github.com/gorilla/websocket"
  packages = ["."]
  revision = "2d1e4548da234d9cb742cc3628556fef86aafbac"

[[projects]]
  branch = "master"
  name = "github.com/juju/errors"
  packages = ["."]
  revision = "6f54ff6318409d31ff16261533ce2c8381a4fd5d"

[[projects]]
  branch = "master"
  name = "github.com/lib/pq"
  packages = [
    ".",
    "oid"
  ]
  revision = "50761b0867bd1d9d069276790bcd4a3bccf2324a"

[[projects]]
  name = "goji.io"
  packages = [
    ".",
    "internal",
    "pat",
    "pattern"
  ]
  revision = "491574a68aafef9ffec867f25c78a87624e80c37"

[[projects]]
  branch = "master"
  name = "golang.org/x/net"
  packages = ["context"]
  revision = "2fb46b16b8dda405028c50f7c7f0f9dd1fa6bfb1"

[[projects]]
  name = "golang.org/x/oauth2"
  packages = [
    ".",
    "internal"
  ]
  revision = "3314c49c831be809de14a5e6c7c68f4c83733a69"

[[projects]]
  name = "google.golang.org/appengine"
  packages = [
    "internal",
    "internal/base",
    "internal/datastore",
    "internal/log",
    "internal/remote_api",
    "internal/urlfetch",
    "urlfetch"
  ]
  revision = "150dc57a1b433e64154302bdc40b6bb8aefa313a"
  version = "v1.0.0"

[[projects]]
  name = "gopkg.in/yaml.v2"
  packages = ["."]
  revision = "53feefa2559fb8dfa8d81baad31be332c97d6c77"

[solve-meta]
  analyzer-name = "dep"
  analyzer-version = 1
  inputs-digest = "2a293478f62490b4f5c413db245bf234f72b17220ae66be70563f7bd264ab167"
  solver-name = "gps-cdcl"
  solver-version = 1
